
Microsoft Visual Studio Solution File, Format Version 12.00
# Visual Studio Version 17
VisualStudioVersion = 17.0.32002.185
MinimumVisualStudioVersion = 10.0.40219.1
Project("{FAE04EC0-301F-11D3-BF4B-00C04F79EFBC}") = "SqlTest", "SqlTest\SqlTest.csproj", "{A594FAB9-2EC0-4393-87DB-4A2DA8388142}"
EndProject
Global
	GlobalSection(SolutionConfigurationPlatforms) = preSolution
		Debug|Any CPU = Debug|Any CPU
		Release|Any CPU = Release|Any CPU
	EndGlobalSection
	GlobalSection(ProjectConfigurationPlatforms) = postSolution
		{A594FAB9-2EC0-4393-87DB-4A2DA8388142}.Debug|Any CPU.ActiveCfg = Debug|Any CPU
		{A594FAB9-2EC0-4393-87DB-4A2DA8388142}.Debug|Any CPU.Build.0 = Debug|Any CPU
		{A594FAB9-2EC0-4393-87DB-4A2DA8388142}.Release|Any CPU.ActiveCfg = Release|Any CPU
		{A594FAB9-2EC0-4393-87DB-4A2DA8388142}.Release|Any CPU.Build.0 = Release|Any CPU
	EndGlobalSection
	GlobalSection(SolutionProperties) = preSolution
		HideSolutionNode = FALSE
	EndGlobalSection
	GlobalSection(ExtensibilityGlobals) = postSolution
		SolutionGuid = {0A0B9F1B-1A9E-4048-9235-E365232117A2}
	EndGlobalSection
EndGlobal
